PODS:
  - Alamofire (5.1.0)
  - CodableAlamofire (1.2.1):
    - Alamofire (~> 5.1.0)
  - RxCocoa (5.1.1):
    - RxRelay (~> 5)
    - RxSwift (~> 5)
  - RxRelay (5.1.1):
    - RxSwift (~> 5)
  - RxSwift (5.1.1)

DEPENDENCIES:
  - Alamofire (~> 5.1)
  - CodableAlamofire
  - RxCocoa
  - RxSwift

SPEC REPOS:
  trunk:
    - Alamofire
    - CodableAlamofire
    - RxCocoa
    - RxRelay
    - RxSwift

SPEC CHECKSUMS:
  Alamofire: 9d5c5f602928e512395b30950c5984eca840093c
  CodableAlamofire: 3532ececac18593b300d775f2a51feca2f83a2f1
  RxCocoa: 32065309a38d29b5b0db858819b5bf9ef038b601
  RxRelay: d77f7d771495f43c556cbc43eebd1bb54d01e8e9
  RxSwift: 81470a2074fa8780320ea5fe4102807cb7118178

PODFILE CHECKSUM: 377537f4bffc9b2a429666f8a1049101eaa7eadb

COCOAPODS: 1.9.1
